
Microsoft Visual Studio Solution File, Format Version 12.00
# Visual Studio Version 17
VisualStudioVersion = 17.9.34728.123
MinimumVisualStudioVersion = 10.0.40219.1
Project("{FAE04EC0-301F-11D3-BF4B-00C04F79EFBC}") = "CS_From", "CS_From\CS_From.csproj", "{670BF2BD-F524-4157-9D57-DD5533F211C0}"
EndProject
Global
	GlobalSection(SolutionConfigurationPlatforms) = preSolution
		Debug|Any CPU = Debug|Any CPU
		Release|Any CPU = Release|Any CPU
	EndGlobalSection
	GlobalSection(ProjectConfigurationPlatforms) = postSolution
		{670BF2BD-F524-4157-9D57-DD5533F211C0}.Debug|Any CPU.ActiveCfg = Debug|Any CPU
		{670BF2BD-F524-4157-9D57-DD5533F211C0}.Debug|Any CPU.Build.0 = Debug|Any CPU
		{670BF2BD-F524-4157-9D57-DD5533F211C0}.Release|Any CPU.ActiveCfg = Release|Any CPU
		{670BF2BD-F524-4157-9D57-DD5533F211C0}.Release|Any CPU.Build.0 = Release|Any CPU
	EndGlobalSection
	GlobalSection(SolutionProperties) = preSolution
		HideSolutionNode = FALSE
	EndGlobalSection
	GlobalSection(ExtensibilityGlobals) = postSolution
		SolutionGuid = {996D70F1-EA7A-4B15-BDE9-349FA6B9AC00}
	EndGlobalSection
EndGlobal
